
Microsoft Visual Studio Solution File, Format Version 12.00
# Visual Studio Version 17
VisualStudioVersion = 17.8.34525.116
MinimumVisualStudioVersion = 10.0.40219.1
Project("{FAE04EC0-301F-11D3-BF4B-00C04F79EFBC}") = "FakeStoreApiMoviles", "FakeStoreApiMoviles\FakeStoreApiMoviles.csproj", "{1504DCCA-13CC-4EE5-B7A7-2430FA742B5B}"
EndProject
Global
	GlobalSection(SolutionConfigurationPlatforms) = preSolution
		Debug|Any CPU = Debug|Any CPU
		Release|Any CPU = Release|Any CPU
	EndGlobalSection
	GlobalSection(ProjectConfigurationPlatforms) = postSolution
		{1504DCCA-13CC-4EE5-B7A7-2430FA742B5B}.Debug|Any CPU.ActiveCfg = Debug|Any CPU
		{1504DCCA-13CC-4EE5-B7A7-2430FA742B5B}.Debug|Any CPU.Build.0 = Debug|Any CPU
		{1504DCCA-13CC-4EE5-B7A7-2430FA742B5B}.Debug|Any CPU.Deploy.0 = Debug|Any CPU
		{1504DCCA-13CC-4EE5-B7A7-2430FA742B5B}.Release|Any CPU.ActiveCfg = Release|Any CPU
		{1504DCCA-13CC-4EE5-B7A7-2430FA742B5B}.Release|Any CPU.Build.0 = Release|Any CPU
		{1504DCCA-13CC-4EE5-B7A7-2430FA742B5B}.Release|Any CPU.Deploy.0 = Release|Any CPU
	EndGlobalSection
	GlobalSection(SolutionProperties) = preSolution
		HideSolutionNode = FALSE
	EndGlobalSection
	GlobalSection(ExtensibilityGlobals) = postSolution
		SolutionGuid = {3D16169F-E5F4-4329-A459-257C588330AC}
	EndGlobalSection
EndGlobal
